
Microsoft Visual Studio Solution File, Format Version 12.00
# Visual Studio Version 16
VisualStudioVersion = 16.0.29519.87
MinimumVisualStudioVersion = 10.0.40219.1
Project("{FAE04EC0-301F-11D3-BF4B-00C04F79EFBC}") = "Realm3.UWP", "Realm3.UWP\Realm3.UWP.csproj", "{8C8ABB87-6FE3-4054-AA6E-9D4E724BD5C9}"
EndProject
Project("{FAE04EC0-301F-11D3-BF4B-00C04F79EFBC}") = "Realm3.Android", "Realm3.Android\Realm3.Android.csproj", "{FE16E62A-40D8-4794-878D-042985A51030}"
EndProject
Project("{FAE04EC0-301F-11D3-BF4B-00C04F79EFBC}") = "Realm3.iOS", "Realm3.iOS\Realm3.iOS.csproj", "{FC459B46-2908-42C4-AEA4-35218D5D2075}"
EndProject
Project("{FAE04EC0-301F-11D3-BF4B-00C04F79EFBC}") = "Realm3", "Realm3\Realm3.csproj", "{CFC763ED-D733-467F-BA52-B68CD49F3185}"
EndProject
Global
	GlobalSection(SolutionConfigurationPlatforms) = preSolution
		Debug|Any CPU = Debug|Any CPU
		Debug|ARM = Debug|ARM
		Debug|iPhone = Debug|iPhone
		Debug|iPhoneSimulator = Debug|iPhoneSimulator
		Debug|x64 = Debug|x64
		Debug|x86 = Debug|x86
		Release|Any CPU = Release|Any CPU
		Release|ARM = Release|ARM
		Release|iPhone = Release|iPhone
		Release|iPhoneSimulator = Release|iPhoneSimulator
		Release|x64 = Release|x64
		Release|x86 = Release|x86
	EndGlobalSection
	GlobalSection(ProjectConfigurationPlatforms) = postSolution
		{8C8ABB87-6FE3-4054-AA6E-9D4E724BD5C9}.Debug|Any CPU.ActiveCfg = Debug|x86
		{8C8ABB87-6FE3-4054-AA6E-9D4E724BD5C9}.Debug|Any CPU.Build.0 = Debug|x86
		{8C8ABB87-6FE3-4054-AA6E-9D4E724BD5C9}.Debug|Any CPU.Deploy.0 = Debug|x86
		{8C8ABB87-6FE3-4054-AA6E-9D4E724BD5C9}.Debug|ARM.ActiveCfg = Debug|ARM
		{8C8ABB87-6FE3-4054-AA6E-9D4E724BD5C9}.Debug|ARM.Build.0 = Debug|ARM
		{8C8ABB87-6FE3-4054-AA6E-9D4E724BD5C9}.Debug|ARM.Deploy.0 = Debug|ARM
		{8C8ABB87-6FE3-4054-AA6E-9D4E724BD5C9}.Debug|iPhone.ActiveCfg = Debug|x86
		{8C8ABB87-6FE3-4054-AA6E-9D4E724BD5C9}.Debug|iPhone.Build.0 = Debug|x86
		{8C8ABB87-6FE3-4054-AA6E-9D4E724BD5C9}.Debug|iPhone.Deploy.0 = Debug|x86
		{8C8ABB87-6FE3-4054-AA6E-9D4E724BD5C9}.Debug|iPhoneSimulator.ActiveCfg = Debug|x86
		{8C8ABB87-6FE3-4054-AA6E-9D4E724BD5C9}.Debug|iPhoneSimulator.Build.0 = Debug|x86
		{8C8ABB87-6FE3-4054-AA6E-9D4E724BD5C9}.Debug|iPhoneSimulator.Deploy.0 = Debug|x86
		{8C8ABB87-6FE3-4054-AA6E-9D4E724BD5C9}.Debug|x64.ActiveCfg = Debug|x64
		{8C8ABB87-6FE3-4054-AA6E-9D4E724BD5C9}.Debug|x64.Build.0 = Debug|x64
		{8C8ABB87-6FE3-4054-AA6E-9D4E724BD5C9}.Debug|x64.Deploy.0 = Debug|x64
		{8C8ABB87-6FE3-4054-AA6E-9D4E724BD5C9}.Debug|x86.ActiveCfg = Debug|x86
		{8C8ABB87-6FE3-4054-AA6E-9D4E724BD5C9}.Debug|x86.Build.0 = Debug|x86
		{8C8ABB87-6FE3-4054-AA6E-9D4E724BD5C9}.Debug|x86.Deploy.0 = Debug|x86
		{8C8ABB87-6FE3-4054-AA6E-9D4E724BD5C9}.Release|Any CPU.ActiveCfg = Release|x86
		{8C8ABB87-6FE3-4054-AA6E-9D4E724BD5C9}.Release|Any CPU.Build.0 = Release|x86
		{8C8ABB87-6FE3-4054-AA6E-9D4E724BD5C9}.Release|Any CPU.Deploy.0 = Release|x86
		{8C8ABB87-6FE3-4054-AA6E-9D4E724BD5C9}.Release|ARM.ActiveCfg = Release|ARM
		{8C8ABB87-6FE3-4054-AA6E-9D4E724BD5C9}.Release|ARM.Build.0 = Release|ARM
		{8C8ABB87-6FE3-4054-AA6E-9D4E724BD5C9}.Release|ARM.Deploy.0 = Release|ARM
		{8C8ABB87-6FE3-4054-AA6E-9D4E724BD5C9}.Release|iPhone.ActiveCfg = Release|x86
		{8C8ABB87-6FE3-4054-AA6E-9D4E724BD5C9}.Release|iPhone.Build.0 = Release|x86
		{8C8ABB87-6FE3-4054-AA6E-9D4E724BD5C9}.Release|iPhone.Deploy.0 = Release|x86
		{8C8ABB87-6FE3-4054-AA6E-9D4E724BD5C9}.Release|iPhoneSimulator.ActiveCfg = Release|x86
		{8C8ABB87-6FE3-4054-AA6E-9D4E724BD5C9}.Release|iPhoneSimulator.Build.0 = Release|x86
		{8C8ABB87-6FE3-4054-AA6E-9D4E724BD5C9}.Release|iPhoneSimulator.Deploy.0 = Release|x86
		{8C8ABB87-6FE3-4054-AA6E-9D4E724BD5C9}.Release|x64.ActiveCfg = Release|x64
		{8C8ABB87-6FE3-4054-AA6E-9D4E724BD5C9}.Release|x64.Build.0 = Release|x64
		{8C8ABB87-6FE3-4054-AA6E-9D4E724BD5C9}.Release|x64.Deploy.0 = Release|x64
		{8C8ABB87-6FE3-4054-AA6E-9D4E724BD5C9}.Release|x86.ActiveCfg = Release|x86
		{8C8ABB87-6FE3-4054-AA6E-9D4E724BD5C9}.Release|x86.Build.0 = Release|x86
		{8C8ABB87-6FE3-4054-AA6E-9D4E724BD5C9}.Release|x86.Deploy.0 = Release|x86
		{FE16E62A-40D8-4794-878D-042985A51030}.Debug|Any CPU.ActiveCfg = Debug|Any CPU
		{FE16E62A-40D8-4794-878D-042985A51030}.Debug|Any CPU.Build.0 = Debug|Any CPU
		{FE16E62A-40D8-4794-878D-042985A51030}.Debug|Any CPU.Deploy.0 = Debug|Any CPU
		{FE16E62A-40D8-4794-878D-042985A51030}.Debug|ARM.ActiveCfg = Debug|Any CPU
		{FE16E62A-40D8-4794-878D-042985A51030}.Debug|ARM.Build.0 = Debug|Any CPU
		{FE16E62A-40D8-4794-878D-042985A51030}.Debug|ARM.Deploy.0 = Debug|Any CPU
		{FE16E62A-40D8-4794-878D-042985A51030}.Debug|iPhone.ActiveCfg = Debug|Any CPU
		{FE16E62A-40D8-4794-878D-042985A51030}.Debug|iPhone.Build.0 = Debug|Any CPU
		{FE16E62A-40D8-4794-878D-042985A51030}.Debug|iPhone.Deploy.0 = Debug|Any CPU
		{FE16E62A-40D8-4794-878D-042985A51030}.Debug|iPhoneSimulator.ActiveCfg = Debug|Any CPU
		{FE16E62A-40D8-4794-878D-042985A51030}.Debug|iPhoneSimulator.Build.0 = Debug|Any CPU
		{FE16E62A-40D8-4794-878D-042985A51030}.Debug|iPhoneSimulator.Deploy.0 = Debug|Any CPU
		{FE16E62A-40D8-4794-878D-042985A51030}.Debug|x64.ActiveCfg = Debug|Any CPU
		{FE16E62A-40D8-4794-878D-042985A51030}.Debug|x64.Build.0 = Debug|Any CPU
		{FE16E62A-40D8-4794-878D-042985A51030}.Debug|x64.Deploy.0 = Debug|Any CPU
		{FE16E62A-40D8-4794-878D-042985A51030}.Debug|x86.ActiveCfg = Debug|Any CPU
		{FE16E62A-40D8-4794-878D-042985A51030}.Debug|x86.Build.0 = Debug|Any CPU
		{FE16E62A-40D8-4794-878D-042985A51030}.Debug|x86.Deploy.0 = Debug|Any CPU
		{FE16E62A-40D8-4794-878D-042985A51030}.Release|Any CPU.ActiveCfg = Release|Any CPU
		{FE16E62A-40D8-4794-878D-042985A51030}.Release|Any CPU.Build.0 = Release|Any CPU
		{FE16E62A-40D8-4794-878D-042985A51030}.Release|Any CPU.Deploy.0 = Release|Any CPU
		{FE16E62A-40D8-4794-878D-042985A51030}.Release|ARM.ActiveCfg = Release|Any CPU
		{FE16E62A-40D8-4794-878D-042985A51030}.Release|ARM.Build.0 = Release|Any CPU
		{FE16E62A-40D8-4794-878D-042985A51030}.Release|ARM.Deploy.0 = Release|Any CPU
		{FE16E62A-40D8-4794-878D-042985A51030}.Release|iPhone.ActiveCfg = Release|Any CPU
		{FE16E62A-40D8-4794-878D-042985A51030}.Release|iPhone.Build.0 = Release|Any CPU
		{FE16E62A-40D8-4794-878D-042985A51030}.Release|iPhone.Deploy.0 = Release|Any CPU
		{FE16E62A-40D8-4794-878D-042985A51030}.Release|iPhoneSimulator.ActiveCfg = Release|Any CPU
		{FE16E62A-40D8-4794-878D-042985A51030}.Release|iPhoneSimulator.Build.0 = Release|Any CPU
		{FE16E62A-40D8-4794-878D-042985A51030}.Release|iPhoneSimulator.Deploy.0 = Release|Any CPU
		{FE16E62A-40D8-4794-878D-042985A51030}.Release|x64.ActiveCfg = Release|Any CPU
		{FE16E62A-40D8-4794-878D-042985A51030}.Release|x64.Build.0 = Release|Any CPU
		{FE16E62A-40D8-4794-878D-042985A51030}.Release|x64.Deploy.0 = Release|Any CPU
		{FE16E62A-40D8-4794-878D-042985A51030}.Release|x86.ActiveCfg = Release|Any CPU
		{FE16E62A-40D8-4794-878D-042985A51030}.Release|x86.Build.0 = Release|Any CPU
		{FE16E62A-40D8-4794-878D-042985A51030}.Release|x86.Deploy.0 = Release|Any CPU
		{FC459B46-2908-42C4-AEA4-35218D5D2075}.Debug|Any CPU.ActiveCfg = Debug|iPhone
		{FC459B46-2908-42C4-AEA4-35218D5D2075}.Debug|Any CPU.Build.0 = Debug|iPhone
		{FC459B46-2908-42C4-AEA4-35218D5D2075}.Debug|Any CPU.Deploy.0 = Debug|iPhone
		{FC459B46-2908-42C4-AEA4-35218D5D2075}.Debug|ARM.ActiveCfg = Debug|iPhoneSimulator
		{FC459B46-2908-42C4-AEA4-35218D5D2075}.Debug|ARM.Build.0 = Debug|iPhoneSimulator
		{FC459B46-2908-42C4-AEA4-35218D5D2075}.Debug|ARM.Deploy.0 = Debug|iPhoneSimulator
		{FC459B46-2908-42C4-AEA4-35218D5D2075}.Debug|iPhone.ActiveCfg = Debug|iPhone
		{FC459B46-2908-42C4-AEA4-35218D5D2075}.Debug|iPhone.Build.0 = Debug|iPhone
		{FC459B46-2908-42C4-AEA4-35218D5D2075}.Debug|iPhone.Deploy.0 = Debug|iPhone
		{FC459B46-2908-42C4-AEA4-35218D5D2075}.Debug|iPhoneSimulator.ActiveCfg = Debug|iPhoneSimulator
		{FC459B46-2908-42C4-AEA4-35218D5D2075}.Debug|iPhoneSimulator.Build.0 = Debug|iPhoneSimulator
		{FC459B46-2908-42C4-AEA4-35218D5D2075}.Debug|iPhoneSimulator.Deploy.0 = Debug|iPhoneSimulator
		{FC459B46-2908-42C4-AEA4-35218D5D2075}.Debug|x64.ActiveCfg = Debug|iPhone
		{FC459B46-2908-42C4-AEA4-35218D5D2075}.Debug|x64.Build.0 = Debug|iPhone
		{FC459B46-2908-42C4-AEA4-35218D5D2075}.Debug|x64.Deploy.0 = Debug|iPhone
		{FC459B46-2908-42C4-AEA4-35218D5D2075}.Debug|x86.ActiveCfg = Debug|iPhone
		{FC459B46-2908-42C4-AEA4-35218D5D2075}.Debug|x86.Build.0 = Debug|iPhone
		{FC459B46-2908-42C4-AEA4-35218D5D2075}.Debug|x86.Deploy.0 = Debug|iPhone
		{FC459B46-2908-42C4-AEA4-35218D5D2075}.Release|Any CPU.ActiveCfg = Release|iPhone
		{FC459B46-2908-42C4-AEA4-35218D5D2075}.Release|Any CPU.Build.0 = Release|iPhone
		{FC459B46-2908-42C4-AEA4-35218D5D2075}.Release|Any CPU.Deploy.0 = Release|iPhone
		{FC459B46-2908-42C4-AEA4-35218D5D2075}.Release|ARM.ActiveCfg = Release|iPhone
		{FC459B46-2908-42C4-AEA4-35218D5D2075}.Release|ARM.Build.0 = Release|iPhone
		{FC459B46-2908-42C4-AEA4-35218D5D2075}.Release|ARM.Deploy.0 = Release|iPhone
		{FC459B46-2908-42C4-AEA4-35218D5D2075}.Release|iPhone.ActiveCfg = Release|iPhone
		{FC459B46-2908-42C4-AEA4-35218D5D2075}.Release|iPhone.Build.0 = Release|iPhone
		{FC459B46-2908-42C4-AEA4-35218D5D2075}.Release|iPhone.Deploy.0 = Release|iPhone
		{FC459B46-2908-42C4-AEA4-35218D5D2075}.Release|iPhoneSimulator.ActiveCfg = Release|iPhoneSimulator
		{FC459B46-2908-42C4-AEA4-35218D5D2075}.Release|iPhoneSimulator.Build.0 = Release|iPhoneSimulator
		{FC459B46-2908-42C4-AEA4-35218D5D2075}.Release|iPhoneSimulator.Deploy.0 = Release|iPhoneSimulator
		{FC459B46-2908-42C4-AEA4-35218D5D2075}.Release|x64.ActiveCfg = Release|iPhone
		{FC459B46-2908-42C4-AEA4-35218D5D2075}.Release|x64.Build.0 = Release|iPhone
		{FC459B46-2908-42C4-AEA4-35218D5D2075}.Release|x64.Deploy.0 = Release|iPhone
		{FC459B46-2908-42C4-AEA4-35218D5D2075}.Release|x86.ActiveCfg = Release|iPhone
		{FC459B46-2908-42C4-AEA4-35218D5D2075}.Release|x86.Build.0 = Release|iPhone
		{FC459B46-2908-42C4-AEA4-35218D5D2075}.Release|x86.Deploy.0 = Release|iPhone
		{CFC763ED-D733-467F-BA52-B68CD49F3185}.Debug|Any CPU.ActiveCfg = Debug|Any CPU
		{CFC763ED-D733-467F-BA52-B68CD49F3185}.Debug|Any CPU.Build.0 = Debug|Any CPU
		{CFC763ED-D733-467F-BA52-B68CD49F3185}.Debug|Any CPU.Deploy.0 = Debug|Any CPU
		{CFC763ED-D733-467F-BA52-B68CD49F3185}.Debug|ARM.ActiveCfg = Debug|Any CPU
		{CFC763ED-D733-467F-BA52-B68CD49F3185}.Debug|ARM.Build.0 = Debug|Any CPU
		{CFC763ED-D733-467F-BA52-B68CD49F3185}.Debug|ARM.Deploy.0 = Debug|Any CPU
		{CFC763ED-D733-467F-BA52-B68CD49F3185}.Debug|iPhone.ActiveCfg = Debug|Any CPU
		{CFC763ED-D733-467F-BA52-B68CD49F3185}.Debug|iPhone.Build.0 = Debug|Any CPU
		{CFC763ED-D733-467F-BA52-B68CD49F3185}.Debug|iPhone.Deploy.0 = Debug|Any CPU
		{CFC763ED-D733-467F-BA52-B68CD49F3185}.Debug|iPhoneSimulator.ActiveCfg = Debug|Any CPU
		{CFC763ED-D733-467F-BA52-B68CD49F3185}.Debug|iPhoneSimulator.Build.0 = Debug|Any CPU
		{CFC763ED-D733-467F-BA52-B68CD49F3185}.Debug|iPhoneSimulator.Deploy.0 = Debug|Any CPU
		{CFC763ED-D733-467F-BA52-B68CD49F3185}.Debug|x64.ActiveCfg = Debug|Any CPU
		{CFC763ED-D733-467F-BA52-B68CD49F3185}.Debug|x64.Build.0 = Debug|Any CPU
		{CFC763ED-D733-467F-BA52-B68CD49F3185}.Debug|x64.Deploy.0 = Debug|Any CPU
		{CFC763ED-D733-467F-BA52-B68CD49F3185}.Debug|x86.ActiveCfg = Debug|Any CPU
		{CFC763ED-D733-467F-BA52-B68CD49F3185}.Debug|x86.Build.0 = Debug|Any CPU
		{CFC763ED-D733-467F-BA52-B68CD49F3185}.Debug|x86.Deploy.0 = Debug|Any CPU
		{CFC763ED-D733-467F-BA52-B68CD49F3185}.Release|Any CPU.ActiveCfg = Release|Any CPU
		{CFC763ED-D733-467F-BA52-B68CD49F3185}.Release|Any CPU.Build.0 = Release|Any CPU
		{CFC763ED-D733-467F-BA52-B68CD49F3185}.Release|Any CPU.Deploy.0 = Release|Any CPU
		{CFC763ED-D733-467F-BA52-B68CD49F3185}.Release|ARM.ActiveCfg = Release|Any CPU
		{CFC763ED-D733-467F-BA52-B68CD49F3185}.Release|ARM.Build.0 = Release|Any CPU
		{CFC763ED-D733-467F-BA52-B68CD49F3185}.Release|ARM.Deploy.0 = Release|Any CPU
		{CFC763ED-D733-467F-BA52-B68CD49F3185}.Release|iPhone.ActiveCfg = Release|Any CPU
		{CFC763ED-D733-467F-BA52-B68CD49F3185}.Release|iPhone.Build.0 = Release|Any CPU
		{CFC763ED-D733-467F-BA52-B68CD49F3185}.Release|iPhone.Deploy.0 = Release|Any CPU
		{CFC763ED-D733-467F-BA52-B68CD49F3185}.Release|iPhoneSimulator.ActiveCfg = Release|Any CPU
		{CFC763ED-D733-467F-BA52-B68CD49F3185}.Release|iPhoneSimulator.Build.0 = Release|Any CPU
		{CFC763ED-D733-467F-BA52-B68CD49F3185}.Release|iPhoneSimulator.Deploy.0 = Release|Any CPU
		{CFC763ED-D733-467F-BA52-B68CD49F3185}.Release|x64.ActiveCfg = Release|Any CPU
		{CFC763ED-D733-467F-BA52-B68CD49F3185}.Release|x64.Build.0 = Release|Any CPU
		{CFC763ED-D733-467F-BA52-B68CD49F3185}.Release|x64.Deploy.0 = Release|Any CPU
		{CFC763ED-D733-467F-BA52-B68CD49F3185}.Release|x86.ActiveCfg = Release|Any CPU
		{CFC763ED-D733-467F-BA52-B68CD49F3185}.Release|x86.Build.0 = Release|Any CPU
		{CFC763ED-D733-467F-BA52-B68CD49F3185}.Release|x86.Deploy.0 = Release|Any CPU
	EndGlobalSection
	GlobalSection(SolutionProperties) = preSolution
		HideSolutionNode = FALSE
	EndGlobalSection
	GlobalSection(ExtensibilityGlobals) = postSolution
		SolutionGuid = {4506155B-2458-48C9-8E37-ED74D5F2C1B4}
	EndGlobalSection
EndGlobal
